
Microsoft Visual Studio Solution File, Format Version 12.00
# Visual Studio Version 17
VisualStudioVersion = 17.9.34701.34
MinimumVisualStudioVersion = 10.0.40219.1
Project("{9A19103F-16F7-4668-BE54-9A1E7A4F7556}") = "CovidTracking", "CovidTracking\CovidTracking.csproj", "{F34095A8-095D-445F-89B5-87BB6A20B058}"
EndProject
Project("{9A19103F-16F7-4668-BE54-9A1E7A4F7556}") = "CovidTracking.WebApi", "CovidTracking.WebApi\CovidTracking.WebApi.csproj", "{6DE164E8-052B-4FE1-BE46-C3EB4D1FAD15}"
EndProject
Project("{9A19103F-16F7-4668-BE54-9A1E7A4F7556}") = "CovidTracking.Repositories", "CovidTracking.Repositories\CovidTracking.Repositories\CovidTracking.Repositories.csproj", "{84D8A6CD-8CC9-4BFC-B5DA-7FC0EAE667D5}"
EndProject
Project("{9A19103F-16F7-4668-BE54-9A1E7A4F7556}") = "CovidTracking.Services", "CovidTracking.Services\CovidTracking.Services.csproj", "{114642BF-E234-4E72-8902-9779FA9D2C65}"
EndProject
Global
	GlobalSection(SolutionConfigurationPlatforms) = preSolution
		Debug|Any CPU = Debug|Any CPU
		Release|Any CPU = Release|Any CPU
	EndGlobalSection
	GlobalSection(ProjectConfigurationPlatforms) = postSolution
		{F34095A8-095D-445F-89B5-87BB6A20B058}.Debug|Any CPU.ActiveCfg = Debug|Any CPU
		{F34095A8-095D-445F-89B5-87BB6A20B058}.Debug|Any CPU.Build.0 = Debug|Any CPU
		{F34095A8-095D-445F-89B5-87BB6A20B058}.Release|Any CPU.ActiveCfg = Release|Any CPU
		{F34095A8-095D-445F-89B5-87BB6A20B058}.Release|Any CPU.Build.0 = Release|Any CPU
		{6DE164E8-052B-4FE1-BE46-C3EB4D1FAD15}.Debug|Any CPU.ActiveCfg = Debug|Any CPU
		{6DE164E8-052B-4FE1-BE46-C3EB4D1FAD15}.Debug|Any CPU.Build.0 = Debug|Any CPU
		{6DE164E8-052B-4FE1-BE46-C3EB4D1FAD15}.Release|Any CPU.ActiveCfg = Release|Any CPU
		{6DE164E8-052B-4FE1-BE46-C3EB4D1FAD15}.Release|Any CPU.Build.0 = Release|Any CPU
		{84D8A6CD-8CC9-4BFC-B5DA-7FC0EAE667D5}.Debug|Any CPU.ActiveCfg = Debug|Any CPU
		{84D8A6CD-8CC9-4BFC-B5DA-7FC0EAE667D5}.Debug|Any CPU.Build.0 = Debug|Any CPU
		{84D8A6CD-8CC9-4BFC-B5DA-7FC0EAE667D5}.Release|Any CPU.ActiveCfg = Release|Any CPU
		{84D8A6CD-8CC9-4BFC-B5DA-7FC0EAE667D5}.Release|Any CPU.Build.0 = Release|Any CPU
		{114642BF-E234-4E72-8902-9779FA9D2C65}.Debug|Any CPU.ActiveCfg = Debug|Any CPU
		{114642BF-E234-4E72-8902-9779FA9D2C65}.Debug|Any CPU.Build.0 = Debug|Any CPU
		{114642BF-E234-4E72-8902-9779FA9D2C65}.Release|Any CPU.ActiveCfg = Release|Any CPU
		{114642BF-E234-4E72-8902-9779FA9D2C65}.Release|Any CPU.Build.0 = Release|Any CPU
	EndGlobalSection
	GlobalSection(SolutionProperties) = preSolution
		HideSolutionNode = FALSE
	EndGlobalSection
	GlobalSection(ExtensibilityGlobals) = postSolution
		SolutionGuid = {EB337E48-C9E0-424E-B548-D80CA1888ABB}
	EndGlobalSection
EndGlobal
